
Microsoft Visual Studio Solution File, Format Version 12.00
# Visual Studio Version 16
VisualStudioVersion = 16.0.32106.194
MinimumVisualStudioVersion = 10.0.40219.1
Project("{FAE04EC0-301F-11D3-BF4B-00C04F79EFBC}") = "CSC446_Assignment_7_Nguyen", "CSC446_Assignment_7_Nguyen.csproj", "{0421E364-AC5F-4FB0-AAB1-2FE4E82BAED7}"
EndProject
Global
	GlobalSection(SolutionConfigurationPlatforms) = preSolution
		Debug|Any CPU = Debug|Any CPU
		Release|Any CPU = Release|Any CPU
	EndGlobalSection
	GlobalSection(ProjectConfigurationPlatforms) = postSolution
		{0421E364-AC5F-4FB0-AAB1-2FE4E82BAED7}.Debug|Any CPU.ActiveCfg = Debug|Any CPU
		{0421E364-AC5F-4FB0-AAB1-2FE4E82BAED7}.Debug|Any CPU.Build.0 = Debug|Any CPU
		{0421E364-AC5F-4FB0-AAB1-2FE4E82BAED7}.Release|Any CPU.ActiveCfg = Release|Any CPU
		{0421E364-AC5F-4FB0-AAB1-2FE4E82BAED7}.Release|Any CPU.Build.0 = Release|Any CPU
	EndGlobalSection
	GlobalSection(SolutionProperties) = preSolution
		HideSolutionNode = FALSE
	EndGlobalSection
	GlobalSection(ExtensibilityGlobals) = postSolution
		SolutionGuid = {A24AD91B-F337-4AE2-9E4A-118BD5587271}
	EndGlobalSection
EndGlobal
